{
  "name": "@technodotventures/expresso",
  "version": "0.3.2",
  "lockfileVersion": 3,
  "requires": true,
  "packages": {
    "": {
      "name": "@technodotventures/expresso",
      "version": "0.3.2",
      "license": "Apache-2.0",
      "bin": {
        "expresso": "src/cli.mjs"
      },
      "engines": {
        "node": ">=22"
      }
    }
  }
}
